
Microsoft Visual Studio Solution File, Format Version 11.00
# Visual Studio 2010
Project("{FAE04EC0-301F-11D3-BF4B-00C04F79EFBC}") = "memory_task2", "Assembly-CSharp.csproj", "{A5D759D4-AB65-5C9F-875E-978B6785CB57}"
EndProject
Project("{FAE04EC0-301F-11D3-BF4B-00C04F79EFBC}") = "memory_task2", "Assembly-CSharp-Editor.csproj", "{7C8E573C-27C6-C2D4-17B7-60DF27BDCF56}"
EndProject
Project("{FAE04EC0-301F-11D3-BF4B-00C04F79EFBC}") = "memory_task2", "Assembly-UnityScript-Editor-firstpass.unityproj", "{18B935AF-A6E3-2531-983D-42D08867F439}"
EndProject
Global
	GlobalSection(SolutionConfigurationPlatforms) = preSolution
		Debug|Any CPU = Debug|Any CPU
		Release|Any CPU = Release|Any CPU
	EndGlobalSection
	GlobalSection(ProjectConfigurationPlatforms) = postSolution
		{A5D759D4-AB65-5C9F-875E-978B6785CB57}.Debug|Any CPU.ActiveCfg = Debug|Any CPU
		{A5D759D4-AB65-5C9F-875E-978B6785CB57}.Debug|Any CPU.Build.0 = Debug|Any CPU
		{A5D759D4-AB65-5C9F-875E-978B6785CB57}.Release|Any CPU.ActiveCfg = Release|Any CPU
		{A5D759D4-AB65-5C9F-875E-978B6785CB57}.Release|Any CPU.Build.0 = Release|Any CPU
		{7C8E573C-27C6-C2D4-17B7-60DF27BDCF56}.Debug|Any CPU.ActiveCfg = Debug|Any CPU
		{7C8E573C-27C6-C2D4-17B7-60DF27BDCF56}.Debug|Any CPU.Build.0 = Debug|Any CPU
		{7C8E573C-27C6-C2D4-17B7-60DF27BDCF56}.Release|Any CPU.ActiveCfg = Release|Any CPU
		{7C8E573C-27C6-C2D4-17B7-60DF27BDCF56}.Release|Any CPU.Build.0 = Release|Any CPU
		{18B935AF-A6E3-2531-983D-42D08867F439}.Debug|Any CPU.ActiveCfg = Debug|Any CPU
		{18B935AF-A6E3-2531-983D-42D08867F439}.Debug|Any CPU.Build.0 = Debug|Any CPU
		{18B935AF-A6E3-2531-983D-42D08867F439}.Release|Any CPU.ActiveCfg = Release|Any CPU
		{18B935AF-A6E3-2531-983D-42D08867F439}.Release|Any CPU.Build.0 = Release|Any CPU
	EndGlobalSection
	GlobalSection(SolutionProperties) = preSolution
		HideSolutionNode = FALSE
	EndGlobalSection
	GlobalSection(MonoDevelopProperties) = preSolution
		StartupItem = Assembly-CSharp.csproj
	EndGlobalSection
EndGlobal
